
Microsoft Visual Studio Solution File, Format Version 12.00
# Visual Studio 15
VisualStudioVersion = 15.0.28010.2003
MinimumVisualStudioVersion = 10.0.40219.1
Project("{FAE04EC0-301F-11D3-BF4B-00C04F79EFBC}") = "SleepCalculator", "SleepCalculator\SleepCalculator.csproj", "{F55699E5-25F2-4533-871D-9C638013E494}"
EndProject
Project("{FAE04EC0-301F-11D3-BF4B-00C04F79EFBC}") = "UnitTestProject1", "UnitTestProject1\UnitTestProject1.csproj", "{09D29095-3351-4B87-95C7-F3A99594EA5E}"
EndProject
Global
	GlobalSection(SolutionConfigurationPlatforms) = preSolution
		Debug|Any CPU = Debug|Any CPU
		Release|Any CPU = Release|Any CPU
	EndGlobalSection
	GlobalSection(ProjectConfigurationPlatforms) = postSolution
		{F55699E5-25F2-4533-871D-9C638013E494}.Debug|Any CPU.ActiveCfg = Debug|Any CPU
		{F55699E5-25F2-4533-871D-9C638013E494}.Debug|Any CPU.Build.0 = Debug|Any CPU
		{F55699E5-25F2-4533-871D-9C638013E494}.Release|Any CPU.ActiveCfg = Release|Any CPU
		{F55699E5-25F2-4533-871D-9C638013E494}.Release|Any CPU.Build.0 = Release|Any CPU
		{09D29095-3351-4B87-95C7-F3A99594EA5E}.Debug|Any CPU.ActiveCfg = Debug|Any CPU
		{09D29095-3351-4B87-95C7-F3A99594EA5E}.Debug|Any CPU.Build.0 = Debug|Any CPU
		{09D29095-3351-4B87-95C7-F3A99594EA5E}.Release|Any CPU.ActiveCfg = Release|Any CPU
		{09D29095-3351-4B87-95C7-F3A99594EA5E}.Release|Any CPU.Build.0 = Release|Any CPU
	EndGlobalSection
	GlobalSection(SolutionProperties) = preSolution
		HideSolutionNode = FALSE
	EndGlobalSection
	GlobalSection(ExtensibilityGlobals) = postSolution
		SolutionGuid = {75F7F48E-C56A-405C-9721-923900547CBC}
	EndGlobalSection
EndGlobal
